dependencies:
  espressif/esp-dsp:
    component_hash: 3e7bbd487f1357a1d4944d0c85966d049501ea281b8a4c7f93f7cfedd5b7f23d
    source:
      service_url: https://api.components.espressif.com/
      type: service
    version: 1.4.12
  espressif/esp-sr:
    component_hash: 9b41fd5ae5960c393bfd3559cd6e5fa2a95c0bf833915cebafe57fb8c4e4c396
    source:
      service_url: https://api.components.espressif.com/
      type: service
    version: 1.9.5
  idf:
    component_hash: null
    source:
      type: idf
    version: 5.3.1
manifest_hash: 9ad4e9168bd07c589f63b3bb54dcf6b81f60a48ff3026127c2b2039b86bf0502
target: esp32s3
version: 1.0.0
